
Microsoft Visual Studio Solution File, Format Version 12.00
# Visual Studio 2013
VisualStudioVersion = 12.0.21005.1
MinimumVisualStudioVersion = 10.0.40219.1
Project("{FAE04EC0-301F-11D3-BF4B-00C04F79EFBC}") = "Domain.Model", "sources\Domain.Model\Domain.Model.csproj", "{950ADDB6-BFFD-4C8D-BC16-2110F45A08F5}"
EndProject
Project("{FAE04EC0-301F-11D3-BF4B-00C04F79EFBC}") = "Wotstat.Application", "sources\Wotstat.Application\Wotstat.Application.csproj", "{C95B3522-021F-4BDF-AF08-120A5D4C4A68}"
EndProject
Project("{FAE04EC0-301F-11D3-BF4B-00C04F79EFBC}") = "Wotstat", "sources\Wotstat\Wotstat.csproj", "{707F9BB3-DA8B-4166-96E0-361312527F79}"
EndProject
Project("{2150E333-8FDC-42A3-9474-1A3956D46DE8}") = "Infrastructure", "Infrastructure", "{C56AEAE4-DD45-4B9A-A22C-B17C071528DF}"
EndProject
Project("{FAE04EC0-301F-11D3-BF4B-00C04F79EFBC}") = "Migrations", "sources\Migrations\Migrations.csproj", "{C9CAAE58-AC23-4A9F-B012-8A319255202C}"
EndProject
Project("{2150E333-8FDC-42A3-9474-1A3956D46DE8}") = "FrontEnd", "FrontEnd", "{19C465A6-97AA-41C6-B432-1E64FB82ED20}"
EndProject
Project("{2150E333-8FDC-42A3-9474-1A3956D46DE8}") = "Domain", "Domain", "{7BC8393F-6E2A-48DE-A565-BAFD30859BBD}"
EndProject
Project("{FAE04EC0-301F-11D3-BF4B-00C04F79EFBC}") = "Domain.DataAccess", "sources\Domain.DataAccess\Domain.DataAccess.csproj", "{5D0E4E65-909A-4900-B5E1-25DA7E1576B8}"
EndProject
Project("{FAE04EC0-301F-11D3-BF4B-00C04F79EFBC}") = "Crawler", "sources\Crawler\Crawler.csproj", "{7C93FAB3-D223-4D67-9A65-405B68FE6A5C}"
EndProject
Project("{FAE04EC0-301F-11D3-BF4B-00C04F79EFBC}") = "Crawler.Run", "sources\Crawler.Run\Crawler.Run.csproj", "{62A2E684-B87E-4E98-93B8-CF96049199E8}"
EndProject
Project("{FAE04EC0-301F-11D3-BF4B-00C04F79EFBC}") = "Crawler.Tests", "sources\Crawler.Tests\Crawler.Tests.csproj", "{92766D8E-F1DE-400C-BDE3-75511943CFCF}"
EndProject
Project("{FAE04EC0-301F-11D3-BF4B-00C04F79EFBC}") = "Messages", "sources\Messages\Messages.csproj", "{1433E803-6E92-4240-89DD-C35B2BE96377}"
EndProject
Project("{2150E333-8FDC-42A3-9474-1A3956D46DE8}") = "BackEnd", "BackEnd", "{39892EB3-77B5-48F9-BBC4-40E6C9AC7CC3}"
EndProject
Project("{2150E333-8FDC-42A3-9474-1A3956D46DE8}") = ".nuget", ".nuget", "{8A320D6C-C1F1-4348-B03F-9CBA0FF41E43}"
	ProjectSection(SolutionItems) = preProject
		.nuget\NuGet.Config = .nuget\NuGet.Config
		.nuget\NuGet.exe = .nuget\NuGet.exe
		.nuget\NuGet.targets = .nuget\NuGet.targets
	EndProjectSection
EndProject
Project("{FAE04EC0-301F-11D3-BF4B-00C04F79EFBC}") = "Calc", "sources\Calc\Calc.csproj", "{0A1DECB9-ED61-4BE1-B96B-2B2732284CC4}"
EndProject
Project("{FAE04EC0-301F-11D3-BF4B-00C04F79EFBC}") = "Calc.Run", "sources\Calc.Run\Calc.Run.csproj", "{89CB7FFD-93BC-4CCB-B7B3-880DF819BAE3}"
EndProject
Project("{FAE04EC0-301F-11D3-BF4B-00C04F79EFBC}") = "TaskScheduler", "sources\Tasker\TaskScheduler.csproj", "{918B940B-F72E-493C-9433-87919A38C620}"
EndProject
Project("{FAE04EC0-301F-11D3-BF4B-00C04F79EFBC}") = "TaskerConsole", "sources\TaskerConsole\TaskerConsole.csproj", "{45F06C73-4440-4C9C-A087-75A3C50DD9A4}"
EndProject
Project("{FAE04EC0-301F-11D3-BF4B-00C04F79EFBC}") = "TaskService", "sources\TaskService\TaskService.csproj", "{400DB0F8-3F79-4D59-9839-704B0B7B21B1}"
EndProject
Global
	GlobalSection(SolutionConfigurationPlatforms) = preSolution
		Debug|Any CPU = Debug|Any CPU
		Release|Any CPU = Release|Any CPU
	EndGlobalSection
	GlobalSection(ProjectConfigurationPlatforms) = postSolution
		{950ADDB6-BFFD-4C8D-BC16-2110F45A08F5}.Debug|Any CPU.ActiveCfg = Debug|Any CPU
		{950ADDB6-BFFD-4C8D-BC16-2110F45A08F5}.Debug|Any CPU.Build.0 = Debug|Any CPU
		{950ADDB6-BFFD-4C8D-BC16-2110F45A08F5}.Release|Any CPU.ActiveCfg = Release|Any CPU
		{950ADDB6-BFFD-4C8D-BC16-2110F45A08F5}.Release|Any CPU.Build.0 = Release|Any CPU
		{C95B3522-021F-4BDF-AF08-120A5D4C4A68}.Debug|Any CPU.ActiveCfg = Debug|Any CPU
		{C95B3522-021F-4BDF-AF08-120A5D4C4A68}.Debug|Any CPU.Build.0 = Debug|Any CPU
		{C95B3522-021F-4BDF-AF08-120A5D4C4A68}.Release|Any CPU.ActiveCfg = Release|Any CPU
		{C95B3522-021F-4BDF-AF08-120A5D4C4A68}.Release|Any CPU.Build.0 = Release|Any CPU
		{707F9BB3-DA8B-4166-96E0-361312527F79}.Debug|Any CPU.ActiveCfg = Debug|Any CPU
		{707F9BB3-DA8B-4166-96E0-361312527F79}.Debug|Any CPU.Build.0 = Debug|Any CPU
		{707F9BB3-DA8B-4166-96E0-361312527F79}.Release|Any CPU.ActiveCfg = Release|Any CPU
		{707F9BB3-DA8B-4166-96E0-361312527F79}.Release|Any CPU.Build.0 = Release|Any CPU
		{C9CAAE58-AC23-4A9F-B012-8A319255202C}.Debug|Any CPU.ActiveCfg = Debug|Any CPU
		{C9CAAE58-AC23-4A9F-B012-8A319255202C}.Debug|Any CPU.Build.0 = Debug|Any CPU
		{C9CAAE58-AC23-4A9F-B012-8A319255202C}.Release|Any CPU.ActiveCfg = Release|Any CPU
		{C9CAAE58-AC23-4A9F-B012-8A319255202C}.Release|Any CPU.Build.0 = Release|Any CPU
		{5D0E4E65-909A-4900-B5E1-25DA7E1576B8}.Debug|Any CPU.ActiveCfg = Debug|Any CPU
		{5D0E4E65-909A-4900-B5E1-25DA7E1576B8}.Debug|Any CPU.Build.0 = Debug|Any CPU
		{5D0E4E65-909A-4900-B5E1-25DA7E1576B8}.Release|Any CPU.ActiveCfg = Release|Any CPU
		{5D0E4E65-909A-4900-B5E1-25DA7E1576B8}.Release|Any CPU.Build.0 = Release|Any CPU
		{7C93FAB3-D223-4D67-9A65-405B68FE6A5C}.Debug|Any CPU.ActiveCfg = Debug|Any CPU
		{7C93FAB3-D223-4D67-9A65-405B68FE6A5C}.Debug|Any CPU.Build.0 = Debug|Any CPU
		{7C93FAB3-D223-4D67-9A65-405B68FE6A5C}.Release|Any CPU.ActiveCfg = Release|Any CPU
		{7C93FAB3-D223-4D67-9A65-405B68FE6A5C}.Release|Any CPU.Build.0 = Release|Any CPU
		{62A2E684-B87E-4E98-93B8-CF96049199E8}.Debug|Any CPU.ActiveCfg = Debug|Any CPU
		{62A2E684-B87E-4E98-93B8-CF96049199E8}.Debug|Any CPU.Build.0 = Debug|Any CPU
		{62A2E684-B87E-4E98-93B8-CF96049199E8}.Release|Any CPU.ActiveCfg = Release|Any CPU
		{62A2E684-B87E-4E98-93B8-CF96049199E8}.Release|Any CPU.Build.0 = Release|Any CPU
		{92766D8E-F1DE-400C-BDE3-75511943CFCF}.Debug|Any CPU.ActiveCfg = Debug|Any CPU
		{92766D8E-F1DE-400C-BDE3-75511943CFCF}.Debug|Any CPU.Build.0 = Debug|Any CPU
		{92766D8E-F1DE-400C-BDE3-75511943CFCF}.Release|Any CPU.ActiveCfg = Release|Any CPU
		{92766D8E-F1DE-400C-BDE3-75511943CFCF}.Release|Any CPU.Build.0 = Release|Any CPU
		{1433E803-6E92-4240-89DD-C35B2BE96377}.Debug|Any CPU.ActiveCfg = Debug|Any CPU
		{1433E803-6E92-4240-89DD-C35B2BE96377}.Debug|Any CPU.Build.0 = Debug|Any CPU
		{1433E803-6E92-4240-89DD-C35B2BE96377}.Release|Any CPU.ActiveCfg = Release|Any CPU
		{1433E803-6E92-4240-89DD-C35B2BE96377}.Release|Any CPU.Build.0 = Release|Any CPU
		{0A1DECB9-ED61-4BE1-B96B-2B2732284CC4}.Debug|Any CPU.ActiveCfg = Debug|Any CPU
		{0A1DECB9-ED61-4BE1-B96B-2B2732284CC4}.Debug|Any CPU.Build.0 = Debug|Any CPU
		{0A1DECB9-ED61-4BE1-B96B-2B2732284CC4}.Release|Any CPU.ActiveCfg = Release|Any CPU
		{0A1DECB9-ED61-4BE1-B96B-2B2732284CC4}.Release|Any CPU.Build.0 = Release|Any CPU
		{89CB7FFD-93BC-4CCB-B7B3-880DF819BAE3}.Debug|Any CPU.ActiveCfg = Debug|Any CPU
		{89CB7FFD-93BC-4CCB-B7B3-880DF819BAE3}.Debug|Any CPU.Build.0 = Debug|Any CPU
		{89CB7FFD-93BC-4CCB-B7B3-880DF819BAE3}.Release|Any CPU.ActiveCfg = Release|Any CPU
		{89CB7FFD-93BC-4CCB-B7B3-880DF819BAE3}.Release|Any CPU.Build.0 = Release|Any CPU
		{918B940B-F72E-493C-9433-87919A38C620}.Debug|Any CPU.ActiveCfg = Debug|Any CPU
		{918B940B-F72E-493C-9433-87919A38C620}.Debug|Any CPU.Build.0 = Debug|Any CPU
		{918B940B-F72E-493C-9433-87919A38C620}.Release|Any CPU.ActiveCfg = Release|Any CPU
		{918B940B-F72E-493C-9433-87919A38C620}.Release|Any CPU.Build.0 = Release|Any CPU
		{45F06C73-4440-4C9C-A087-75A3C50DD9A4}.Debug|Any CPU.ActiveCfg = Debug|Any CPU
		{45F06C73-4440-4C9C-A087-75A3C50DD9A4}.Debug|Any CPU.Build.0 = Debug|Any CPU
		{45F06C73-4440-4C9C-A087-75A3C50DD9A4}.Release|Any CPU.ActiveCfg = Release|Any CPU
		{45F06C73-4440-4C9C-A087-75A3C50DD9A4}.Release|Any CPU.Build.0 = Release|Any CPU
		{400DB0F8-3F79-4D59-9839-704B0B7B21B1}.Debug|Any CPU.ActiveCfg = Debug|Any CPU
		{400DB0F8-3F79-4D59-9839-704B0B7B21B1}.Debug|Any CPU.Build.0 = Debug|Any CPU
		{400DB0F8-3F79-4D59-9839-704B0B7B21B1}.Release|Any CPU.ActiveCfg = Release|Any CPU
		{400DB0F8-3F79-4D59-9839-704B0B7B21B1}.Release|Any CPU.Build.0 = Release|Any CPU
	EndGlobalSection
	GlobalSection(SolutionProperties) = preSolution
		HideSolutionNode = FALSE
	EndGlobalSection
	GlobalSection(NestedProjects) = preSolution
		{950ADDB6-BFFD-4C8D-BC16-2110F45A08F5} = {7BC8393F-6E2A-48DE-A565-BAFD30859BBD}
		{5D0E4E65-909A-4900-B5E1-25DA7E1576B8} = {7BC8393F-6E2A-48DE-A565-BAFD30859BBD}
		{707F9BB3-DA8B-4166-96E0-361312527F79} = {19C465A6-97AA-41C6-B432-1E64FB82ED20}
		{C95B3522-021F-4BDF-AF08-120A5D4C4A68} = {19C465A6-97AA-41C6-B432-1E64FB82ED20}
		{C9CAAE58-AC23-4A9F-B012-8A319255202C} = {C56AEAE4-DD45-4B9A-A22C-B17C071528DF}
		{62A2E684-B87E-4E98-93B8-CF96049199E8} = {39892EB3-77B5-48F9-BBC4-40E6C9AC7CC3}
		{92766D8E-F1DE-400C-BDE3-75511943CFCF} = {39892EB3-77B5-48F9-BBC4-40E6C9AC7CC3}
		{1433E803-6E92-4240-89DD-C35B2BE96377} = {39892EB3-77B5-48F9-BBC4-40E6C9AC7CC3}
		{7C93FAB3-D223-4D67-9A65-405B68FE6A5C} = {39892EB3-77B5-48F9-BBC4-40E6C9AC7CC3}
		{0A1DECB9-ED61-4BE1-B96B-2B2732284CC4} = {39892EB3-77B5-48F9-BBC4-40E6C9AC7CC3}
		{89CB7FFD-93BC-4CCB-B7B3-880DF819BAE3} = {39892EB3-77B5-48F9-BBC4-40E6C9AC7CC3}
		{918B940B-F72E-493C-9433-87919A38C620} = {39892EB3-77B5-48F9-BBC4-40E6C9AC7CC3}
		{45F06C73-4440-4C9C-A087-75A3C50DD9A4} = {39892EB3-77B5-48F9-BBC4-40E6C9AC7CC3}
		{400DB0F8-3F79-4D59-9839-704B0B7B21B1} = {39892EB3-77B5-48F9-BBC4-40E6C9AC7CC3}
	EndGlobalSection
EndGlobal
